// !$*UTF8*$!
{
	archiveVersion = 1;
	classes = {
	};
	objectVersion = 46;
	objects = {

/* Begin PBXBuildFile section */
		6003F58E195388D20070C39A /* Foundation.framework in Frameworks */ = {isa = PBXBuildFile; fileRef = 6003F58D195388D20070C39A /* Foundation.framework */; };
		6003F590195388D20070C39A /* CoreGraphics.framework in Frameworks */ = {isa = PBXBuildFile; fileRef = 6003F58F195388D20070C39A /* CoreGraphics.framework */; };
		6003F592195388D20070C39A /* UIKit.framework in Frameworks */ = {isa = PBXBuildFile; fileRef = 6003F591195388D20070C39A /* UIKit.framework */; };
		6003F598195388D20070C39A /* InfoPlist.strings in Resources */ = {isa = PBXBuildFile; fileRef = 6003F596195388D20070C39A /* InfoPlist.strings */; };
		6003F59A195388D20070C39A /* main.m in Sources */ = {isa = PBXBuildFile; fileRef = 6003F599195388D20070C39A /* main.m */; };
		6003F59E195388D20070C39A /* SPAppDelegate.m in Sources */ = {isa = PBXBuildFile; fileRef = 6003F59D195388D20070C39A /* SPAppDelegate.m */; };
		6003F5A7195388D20070C39A /* SPViewController.m in Sources */ = {isa = PBXBuildFile; fileRef = 6003F5A6195388D20070C39A /* SPViewController.m */; };
		6003F5A9195388D20070C39A /* Images.xcassets in Resources */ = {isa = PBXBuildFile; fileRef = 6003F5A8195388D20070C39A /* Images.xcassets */; };
		6003F5B0195388D20070C39A /* XCTest.framework in Frameworks */ = {isa = PBXBuildFile; fileRef = 6003F5AF195388D20070C39A /* XCTest.framework */; };
		6003F5B1195388D20070C39A /* Foundation.framework in Frameworks */ = {isa = PBXBuildFile; fileRef = 6003F58D195388D20070C39A /* Foundation.framework */; };
		6003F5B2195388D20070C39A /* UIKit.framework in Frameworks */ = {isa = PBXBuildFile; fileRef = 6003F591195388D20070C39A /* UIKit.framework */; };
		6003F5BA195388D20070C39A /* InfoPlist.strings in Resources */ = {isa = PBXBuildFile; fileRef = 6003F5B8195388D20070C39A /* InfoPlist.strings */; };
		6003F5BC195388D20070C39A /* Tests.m in Sources */ = {isa = PBXBuildFile; fileRef = 6003F5BB195388D20070C39A /* Tests.m */; };
		71719F9F1E33DC2100824A3D /* LaunchScreen.storyboard in Resources */ = {isa = PBXBuildFile; fileRef = 71719F9D1E33DC2100824A3D /* LaunchScreen.storyboard */; };
		75A6AB5F244FE363006AEAE6 /* ViewController.xib in Resources */ = {isa = PBXBuildFile; fileRef = 75A6AB5C244FE363006AEAE6 /* ViewController.xib */; };
		75A6AB60244FE363006AEAE6 /* ViewController.m in Sources */ = {isa = PBXBuildFile; fileRef = 75A6AB5E244FE363006AEAE6 /* ViewController.m */; };
		75A6AB63244FE46D006AEAE6 /* SPView.m in Sources */ = {isa = PBXBuildFile; fileRef = 75A6AB62244FE46D006AEAE6 /* SPView.m */; };
		75A6AB65244FE479006AEAE6 /* SPView.xib in Resources */ = {isa = PBXBuildFile; fileRef = 75A6AB64244FE479006AEAE6 /* SPView.xib */; };
		75CD43192418CB38007EBFB7 /* UIControl+TouchHighlightEffect.m in Sources */ = {isa = PBXBuildFile; fileRef = 75CD42BA2418CB38007EBFB7 /* UIControl+TouchHighlightEffect.m */; };
		75CD431C2418CB38007EBFB7 /* UINib+FastCreate.m in Sources */ = {isa = PBXBuildFile; fileRef = 75CD42C42418CB38007EBFB7 /* UINib+FastCreate.m */; };
		75CD43212418CB38007EBFB7 /* UITextView+AutoLayoutFitSize.m in Sources */ = {isa = PBXBuildFile; fileRef = 75CD42D22418CB38007EBFB7 /* UITextView+AutoLayoutFitSize.m */; };
		75CD432C2418CB39007EBFB7 /* UIButton+AutoScale.m in Sources */ = {isa = PBXBuildFile; fileRef = 75CD42E82418CB38007EBFB7 /* UIButton+AutoScale.m */; };
		75CD432D2418CB39007EBFB7 /* UIButton+AutoLayoutFitSize.m in Sources */ = {isa = PBXBuildFile; fileRef = 75CD42E92418CB38007EBFB7 /* UIButton+AutoLayoutFitSize.m */; };
		75CD432F2418CB39007EBFB7 /* UILabel+AutoScale.m in Sources */ = {isa = PBXBuildFile; fileRef = 75CD42F22418CB38007EBFB7 /* UILabel+AutoScale.m */; };
		75CD43312418CB39007EBFB7 /* UILabel+AutoLayoutFitSize.m in Sources */ = {isa = PBXBuildFile; fileRef = 75CD42F52418CB38007EBFB7 /* UILabel+AutoLayoutFitSize.m */; };
		75CD433A2418CB39007EBFB7 /* UIView+XIBCreation.m in Sources */ = {isa = PBXBuildFile; fileRef = 75CD43022418CB38007EBFB7 /* UIView+XIBCreation.m */; };
		75CD433B2418CB39007EBFB7 /* UIView+LayoutConstraints.m in Sources */ = {isa = PBXBuildFile; fileRef = 75CD43032418CB38007EBFB7 /* UIView+LayoutConstraints.m */; };
		75CD433C2418CB39007EBFB7 /* UIView+Nib.m in Sources */ = {isa = PBXBuildFile; fileRef = 75CD43072418CB38007EBFB7 /* UIView+Nib.m */; };
		75CD433E2418CB39007EBFB7 /* UIViewController+XIBCreation.m in Sources */ = {isa = PBXBuildFile; fileRef = 75CD43102418CB38007EBFB7 /* UIViewController+XIBCreation.m */; };
		75CD434324190D4C007EBFB7 /* UIColor+SPCreate.m in Sources */ = {isa = PBXBuildFile; fileRef = 75CD434224190D4C007EBFB7 /* UIColor+SPCreate.m */; };
		75CD434624191399007EBFB7 /* UIImage+ValidSize.m in Sources */ = {isa = PBXBuildFile; fileRef = 75CD434424191398007EBFB7 /* UIImage+ValidSize.m */; };
		75CD4349241916D0007EBFB7 /* UIButton+Loading.m in Sources */ = {isa = PBXBuildFile; fileRef = 75CD4348241916CF007EBFB7 /* UIButton+Loading.m */; };
		75CD434C241917FF007EBFB7 /* UIFont+FastCreate.m in Sources */ = {isa = PBXBuildFile; fileRef = 75CD434B241917FF007EBFB7 /* UIFont+FastCreate.m */; };
		75CD435024193A45007EBFB7 /* UIWindow+KeyWindow.m in Sources */ = {isa = PBXBuildFile; fileRef = 75CD434F24193A45007EBFB7 /* UIWindow+KeyWindow.m */; };
		873B8AEB1B1F5CCA007FD442 /* Main.storyboard in Resources */ = {isa = PBXBuildFile; fileRef = 873B8AEA1B1F5CCA007FD442 /* Main.storyboard */; };
		9248AD7C5964F040D5C483A8 /* Pods_SPUIKitCategory_Example.framework in Frameworks */ = {isa = PBXBuildFile; fileRef = 01E9E43AE8F9DD8A2942437D /* Pods_SPUIKitCategory_Example.framework */; };
		A05CED57C37E9A24F6BD078C /* Pods_SPUIKitCategory_Tests.framework in Frameworks */ = {isa = PBXBuildFile; fileRef = 520B72E91122E9FFAEBFFE2F /* Pods_SPUIKitCategory_Tests.framework */; };
/* End PBXBuildFile section */

/* Begin PBXContainerItemProxy section */
		6003F5B3195388D20070C39A /* PBXContainerItemProxy */ = {
			isa = PBXContainerItemProxy;
			containerPortal = 6003F582195388D10070C39A /* Project object */;
			proxyType = 1;
			remoteGlobalIDString = 6003F589195388D20070C39A;
			remoteInfo = SPUIKitCategory;
		};
/* End PBXContainerItemProxy section */

/* Begin PBXFileReference section */
		01E9E43AE8F9DD8A2942437D /* Pods_SPUIKitCategory_Example.framework */ = {isa = PBXFileReference; explicitFileType = wrapper.framework; includeInIndex = 0; path = Pods_SPUIKitCategory_Example.framework; sourceTree = BUILT_PRODUCTS_DIR; };
		188AE2B0A3FC024BD67E6F8D /* SPUIKitCategory.podspec */ = {isa = PBXFileReference; includeInIndex = 1; lastKnownFileType = text; name = SPUIKitCategory.podspec; path = ../SPUIKitCategory.podspec; sourceTree = "<group>"; xcLanguageSpecificationIdentifier = xcode.lang.ruby; };
		520B72E91122E9FFAEBFFE2F /* Pods_SPUIKitCategory_Tests.framework */ = {isa = PBXFileReference; explicitFileType = wrapper.framework; includeInIndex = 0; path = Pods_SPUIKitCategory_Tests.framework; sourceTree = BUILT_PRODUCTS_DIR; };
		5A35827E6D8AF7293F07A4BF /* README.md */ = {isa = PBXFileReference; includeInIndex = 1; lastKnownFileType = net.daringfireball.markdown; name = README.md; path = ../README.md; sourceTree = "<group>"; };
		6003F58A195388D20070C39A /* SPUIKitCategory_Example.app */ = {isa = PBXFileReference; explicitFileType = wrapper.application; includeInIndex = 0; path = SPUIKitCategory_Example.app; sourceTree = BUILT_PRODUCTS_DIR; };
		6003F58D195388D20070C39A /* Foundation.framework */ = {isa = PBXFileReference; lastKnownFileType = wrapper.framework; name = Foundation.framework; path = System/Library/Frameworks/Foundation.framework; sourceTree = SDKROOT; };
		6003F58F195388D20070C39A /* CoreGraphics.framework */ = {isa = PBXFileReference; lastKnownFileType = wrapper.framework; name = CoreGraphics.framework; path = System/Library/Frameworks/CoreGraphics.framework; sourceTree = SDKROOT; };
		6003F591195388D20070C39A /* UIKit.framework */ = {isa = PBXFileReference; lastKnownFileType = wrapper.framework; name = UIKit.framework; path = System/Library/Frameworks/UIKit.framework; sourceTree = SDKROOT; };
		6003F595195388D20070C39A /* SPUIKitCategory-Info.plist */ = {isa = PBXFileReference; lastKnownFileType = text.plist.xml; path = "SPUIKitCategory-Info.plist"; sourceTree = "<group>"; };
		6003F597195388D20070C39A /* en */ = {isa = PBXFileReference; lastKnownFileType = text.plist.strings; name = en; path = en.lproj/InfoPlist.strings; sourceTree = "<group>"; };
		6003F599195388D20070C39A /* main.m */ = {isa = PBXFileReference; lastKnownFileType = sourcecode.c.objc; path = main.m; sourceTree = "<group>"; };
		6003F59B195388D20070C39A /* SPUIKitCategory-Prefix.pch */ = {isa = PBXFileReference; lastKnownFileType = sourcecode.c.h; path = "SPUIKitCategory-Prefix.pch"; sourceTree = "<group>"; };
		6003F59C195388D20070C39A /* SPAppDelegate.h */ = {isa = PBXFileReference; lastKnownFileType = sourcecode.c.h; path = SPAppDelegate.h; sourceTree = "<group>"; };
		6003F59D195388D20070C39A /* SPAppDelegate.m */ = {isa = PBXFileReference; lastKnownFileType = sourcecode.c.objc; path = SPAppDelegate.m; sourceTree = "<group>"; };
		6003F5A5195388D20070C39A /* SPViewController.h */ = {isa = PBXFileReference; lastKnownFileType = sourcecode.c.h; path = SPViewController.h; sourceTree = "<group>"; };
		6003F5A6195388D20070C39A /* SPViewController.m */ = {isa = PBXFileReference; lastKnownFileType = sourcecode.c.objc; path = SPViewController.m; sourceTree = "<group>"; };
		6003F5A8195388D20070C39A /* Images.xcassets */ = {isa = PBXFileReference; lastKnownFileType = folder.assetcatalog; path = Images.xcassets; sourceTree = "<group>"; };
		6003F5AE195388D20070C39A /* SPUIKitCategory_Tests.xctest */ = {isa = PBXFileReference; explicitFileType = wrapper.cfbundle; includeInIndex = 0; path = SPUIKitCategory_Tests.xctest; sourceTree = BUILT_PRODUCTS_DIR; };
		6003F5AF195388D20070C39A /* XCTest.framework */ = {isa = PBXFileReference; lastKnownFileType = wrapper.framework; name = XCTest.framework; path = Library/Frameworks/XCTest.framework; sourceTree = DEVELOPER_DIR; };
		6003F5B7195388D20070C39A /* Tests-Info.plist */ = {isa = PBXFileReference; lastKnownFileType = text.plist.xml; path = "Tests-Info.plist"; sourceTree = "<group>"; };
		6003F5B9195388D20070C39A /* en */ = {isa = PBXFileReference; lastKnownFileType = text.plist.strings; name = en; path = en.lproj/InfoPlist.strings; sourceTree = "<group>"; };
		6003F5BB195388D20070C39A /* Tests.m */ = {isa = PBXFileReference; lastKnownFileType = sourcecode.c.objc; path = Tests.m; sourceTree = "<group>"; };
		606FC2411953D9B200FFA9A0 /* Tests-Prefix.pch */ = {isa = PBXFileReference; lastKnownFileType = sourcecode.c.h; path = "Tests-Prefix.pch"; sourceTree = "<group>"; };
		71719F9E1E33DC2100824A3D /* Base */ = {isa = PBXFileReference; lastKnownFileType = file.storyboard; name = Base; path = Base.lproj/LaunchScreen.storyboard; sourceTree = "<group>"; };
		73DE69C730854814C6929D2F /* Pods-SPUIKitCategory_Tests.debug.xcconfig */ = {isa = PBXFileReference; includeInIndex = 1; lastKnownFileType = text.xcconfig; name = "Pods-SPUIKitCategory_Tests.debug.xcconfig"; path = "Target Support Files/Pods-SPUIKitCategory_Tests/Pods-SPUIKitCategory_Tests.debug.xcconfig"; sourceTree = "<group>"; };
		75A6AB5C244FE363006AEAE6 /* ViewController.xib */ = {isa = PBXFileReference; lastKnownFileType = file.xib; path = ViewController.xib; sourceTree = "<group>"; };
		75A6AB5D244FE363006AEAE6 /* ViewController.h */ = {isa = PBXFileReference; lastKnownFileType = sourcecode.c.h; path = ViewController.h; sourceTree = "<group>"; };
		75A6AB5E244FE363006AEAE6 /* ViewController.m */ = {isa = PBXFileReference; lastKnownFileType = sourcecode.c.objc; path = ViewController.m; sourceTree = "<group>"; };
		75A6AB61244FE46D006AEAE6 /* SPView.h */ = {isa = PBXFileReference; lastKnownFileType = sourcecode.c.h; path = SPView.h; sourceTree = "<group>"; };
		75A6AB62244FE46D006AEAE6 /* SPView.m */ = {isa = PBXFileReference; lastKnownFileType = sourcecode.c.objc; path = SPView.m; sourceTree = "<group>"; };
		75A6AB64244FE479006AEAE6 /* SPView.xib */ = {isa = PBXFileReference; lastKnownFileType = file.xib; path = SPView.xib; sourceTree = "<group>"; };
		75CD42BA2418CB38007EBFB7 /* UIControl+TouchHighlightEffect.m */ = {isa = PBXFileReference; fileEncoding = 4; lastKnownFileType = sourcecode.c.objc; path = "UIControl+TouchHighlightEffect.m"; sourceTree = "<group>"; };
		75CD42BB2418CB38007EBFB7 /* UIControl+TouchHighlightEffect.h */ = {isa = PBXFileReference; fileEncoding = 4; lastKnownFileType = sourcecode.c.h; path = "UIControl+TouchHighlightEffect.h"; sourceTree = "<group>"; };
		75CD42C32418CB38007EBFB7 /* UINib+FastCreate.h */ = {isa = PBXFileReference; fileEncoding = 4; lastKnownFileType = sourcecode.c.h; path = "UINib+FastCreate.h"; sourceTree = "<group>"; };
		75CD42C42418CB38007EBFB7 /* UINib+FastCreate.m */ = {isa = PBXFileReference; fileEncoding = 4; lastKnownFileType = sourcecode.c.objc; path = "UINib+FastCreate.m"; sourceTree = "<group>"; };
		75CD42D12418CB38007EBFB7 /* UITextView+AutoLayoutFitSize.h */ = {isa = PBXFileReference; fileEncoding = 4; lastKnownFileType = sourcecode.c.h; path = "UITextView+AutoLayoutFitSize.h"; sourceTree = "<group>"; };
		75CD42D22418CB38007EBFB7 /* UITextView+AutoLayoutFitSize.m */ = {isa = PBXFileReference; fileEncoding = 4; lastKnownFileType = sourcecode.c.objc; path = "UITextView+AutoLayoutFitSize.m"; sourceTree = "<group>"; };
		75CD42E82418CB38007EBFB7 /* UIButton+AutoScale.m */ = {isa = PBXFileReference; fileEncoding = 4; lastKnownFileType = sourcecode.c.objc; path = "UIButton+AutoScale.m"; sourceTree = "<group>"; };
		75CD42E92418CB38007EBFB7 /* UIButton+AutoLayoutFitSize.m */ = {isa = PBXFileReference; fileEncoding = 4; lastKnownFileType = sourcecode.c.objc; path = "UIButton+AutoLayoutFitSize.m"; sourceTree = "<group>"; };
		75CD42ED2418CB38007EBFB7 /* UIButton+AutoScale.h */ = {isa = PBXFileReference; fileEncoding = 4; lastKnownFileType = sourcecode.c.h; path = "UIButton+AutoScale.h"; sourceTree = "<group>"; };
		75CD42EE2418CB38007EBFB7 /* UIButton+AutoLayoutFitSize.h */ = {isa = PBXFileReference; fileEncoding = 4; lastKnownFileType = sourcecode.c.h; path = "UIButton+AutoLayoutFitSize.h"; sourceTree = "<group>"; };
		75CD42F12418CB38007EBFB7 /* UILabel+AutoLayoutFitSize.h */ = {isa = PBXFileReference; fileEncoding = 4; lastKnownFileType = sourcecode.c.h; path = "UILabel+AutoLayoutFitSize.h"; sourceTree = "<group>"; };
		75CD42F22418CB38007EBFB7 /* UILabel+AutoScale.m */ = {isa = PBXFileReference; fileEncoding = 4; lastKnownFileType = sourcecode.c.objc; path = "UILabel+AutoScale.m"; sourceTree = "<group>"; };
		75CD42F52418CB38007EBFB7 /* UILabel+AutoLayoutFitSize.m */ = {isa = PBXFileReference; fileEncoding = 4; lastKnownFileType = sourcecode.c.objc; path = "UILabel+AutoLayoutFitSize.m"; sourceTree = "<group>"; };
		75CD42F72418CB38007EBFB7 /* UILabel+AutoScale.h */ = {isa = PBXFileReference; fileEncoding = 4; lastKnownFileType = sourcecode.c.h; path = "UILabel+AutoScale.h"; sourceTree = "<group>"; };
		75CD42FA2418CB38007EBFB7 /* UIView+Nib.h */ = {isa = PBXFileReference; fileEncoding = 4; lastKnownFileType = sourcecode.c.h; path = "UIView+Nib.h"; sourceTree = "<group>"; };
		75CD43022418CB38007EBFB7 /* UIView+XIBCreation.m */ = {isa = PBXFileReference; fileEncoding = 4; lastKnownFileType = sourcecode.c.objc; path = "UIView+XIBCreation.m"; sourceTree = "<group>"; };
		75CD43032418CB38007EBFB7 /* UIView+LayoutConstraints.m */ = {isa = PBXFileReference; fileEncoding = 4; lastKnownFileType = sourcecode.c.objc; path = "UIView+LayoutConstraints.m"; sourceTree = "<group>"; };
		75CD43072418CB38007EBFB7 /* UIView+Nib.m */ = {isa = PBXFileReference; fileEncoding = 4; lastKnownFileType = sourcecode.c.objc; path = "UIView+Nib.m"; sourceTree = "<group>"; };
		75CD430C2418CB38007EBFB7 /* UIView+LayoutConstraints.h */ = {isa = PBXFileReference; fileEncoding = 4; lastKnownFileType = sourcecode.c.h; path = "UIView+LayoutConstraints.h"; sourceTree = "<group>"; };
		75CD430D2418CB38007EBFB7 /* UIView+XIBCreation.h */ = {isa = PBXFileReference; fileEncoding = 4; lastKnownFileType = sourcecode.c.h; path = "UIView+XIBCreation.h"; sourceTree = "<group>"; };
		75CD430E2418CB38007EBFB7 /* SPUIKitCategory.h */ = {isa = PBXFileReference; fileEncoding = 4; lastKnownFileType = sourcecode.c.h; path = SPUIKitCategory.h; sourceTree = "<group>"; };
		75CD43102418CB38007EBFB7 /* UIViewController+XIBCreation.m */ = {isa = PBXFileReference; fileEncoding = 4; lastKnownFileType = sourcecode.c.objc; path = "UIViewController+XIBCreation.m"; sourceTree = "<group>"; };
		75CD43112418CB38007EBFB7 /* UIViewController+XIBCreation.h */ = {isa = PBXFileReference; fileEncoding = 4; lastKnownFileType = sourcecode.c.h; path = "UIViewController+XIBCreation.h"; sourceTree = "<group>"; };
		75CD434124190D4B007EBFB7 /* UIColor+SPCreate.h */ = {isa = PBXFileReference; fileEncoding = 4; lastKnownFileType = sourcecode.c.h; path = "UIColor+SPCreate.h"; sourceTree = "<group>"; };
		75CD434224190D4C007EBFB7 /* UIColor+SPCreate.m */ = {isa = PBXFileReference; fileEncoding = 4; lastKnownFileType = sourcecode.c.objc; path = "UIColor+SPCreate.m"; sourceTree = "<group>"; };
		75CD434424191398007EBFB7 /* UIImage+ValidSize.m */ = {isa = PBXFileReference; lastKnownFileType = sourcecode.c.objc; path = "UIImage+ValidSize.m"; sourceTree = "<group>"; };
		75CD434524191398007EBFB7 /* UIImage+ValidSize.h */ = {isa = PBXFileReference; lastKnownFileType = sourcecode.c.h; path = "UIImage+ValidSize.h"; sourceTree = "<group>"; };
		75CD4347241916CF007EBFB7 /* UIButton+Loading.h */ = {isa = PBXFileReference; fileEncoding = 4; lastKnownFileType = sourcecode.c.h; path = "UIButton+Loading.h"; sourceTree = "<group>"; };
		75CD4348241916CF007EBFB7 /* UIButton+Loading.m */ = {isa = PBXFileReference; fileEncoding = 4; lastKnownFileType = sourcecode.c.objc; path = "UIButton+Loading.m"; sourceTree = "<group>"; };
		75CD434A241917FF007EBFB7 /* UIFont+FastCreate.h */ = {isa = PBXFileReference; fileEncoding = 4; lastKnownFileType = sourcecode.c.h; path = "UIFont+FastCreate.h"; sourceTree = "<group>"; };
		75CD434B241917FF007EBFB7 /* UIFont+FastCreate.m */ = {isa = PBXFileReference; fileEncoding = 4; lastKnownFileType = sourcecode.c.objc; path = "UIFont+FastCreate.m"; sourceTree = "<group>"; };
		75CD434E24193A45007EBFB7 /* UIWindow+KeyWindow.h */ = {isa = PBXFileReference; fileEncoding = 4; lastKnownFileType = sourcecode.c.h; path = "UIWindow+KeyWindow.h"; sourceTree = "<group>"; };
		75CD434F24193A45007EBFB7 /* UIWindow+KeyWindow.m */ = {isa = PBXFileReference; fileEncoding = 4; lastKnownFileType = sourcecode.c.objc; path = "UIWindow+KeyWindow.m"; sourceTree = "<group>"; };
		873B8AEA1B1F5CCA007FD442 /* Main.storyboard */ = {isa = PBXFileReference; fileEncoding = 4; lastKnownFileType = file.storyboard; name = Main.storyboard; path = Base.lproj/Main.storyboard; sourceTree = "<group>"; };
		AE071218141C0DE0271F8B36 /* Pods-SPUIKitCategory_Example.release.xcconfig */ = {isa = PBXFileReference; includeInIndex = 1; lastKnownFileType = text.xcconfig; name = "Pods-SPUIKitCategory_Example.release.xcconfig"; path = "Target Support Files/Pods-SPUIKitCategory_Example/Pods-SPUIKitCategory_Example.release.xcconfig"; sourceTree = "<group>"; };
		B4B592644AB93103691D0B8D /* Pods-SPUIKitCategory_Tests.release.xcconfig */ = {isa = PBXFileReference; includeInIndex = 1; lastKnownFileType = text.xcconfig; name = "Pods-SPUIKitCategory_Tests.release.xcconfig"; path = "Target Support Files/Pods-SPUIKitCategory_Tests/Pods-SPUIKitCategory_Tests.release.xcconfig"; sourceTree = "<group>"; };
		DBD471F26507424F057F52A1 /* LICENSE */ = {isa = PBXFileReference; includeInIndex = 1; lastKnownFileType = text; name = LICENSE; path = ../LICENSE; sourceTree = "<group>"; };
		EE1129E94982209A6C6E399F /* Pods-SPUIKitCategory_Example.debug.xcconfig */ = {isa = PBXFileReference; includeInIndex = 1; lastKnownFileType = text.xcconfig; name = "Pods-SPUIKitCategory_Example.debug.xcconfig"; path = "Target Support Files/Pods-SPUIKitCategory_Example/Pods-SPUIKitCategory_Example.debug.xcconfig"; sourceTree = "<group>"; };
/* End PBXFileReference section */

/* Begin PBXFrameworksBuildPhase section */
		6003F587195388D20070C39A /* Frameworks */ = {
			isa = PBXFrameworksBuildPhase;
			buildActionMask = 2147483647;
			files = (
				6003F590195388D20070C39A /* CoreGraphics.framework in Frameworks */,
				6003F592195388D20070C39A /* UIKit.framework in Frameworks */,
				6003F58E195388D20070C39A /* Foundation.framework in Frameworks */,
				9248AD7C5964F040D5C483A8 /* Pods_SPUIKitCategory_Example.framework in Frameworks */,
			);
			runOnlyForDeploymentPostprocessing = 0;
		};
		6003F5AB195388D20070C39A /* Frameworks */ = {
			isa = PBXFrameworksBuildPhase;
			buildActionMask = 2147483647;
			files = (
				6003F5B0195388D20070C39A /* XCTest.framework in Frameworks */,
				6003F5B2195388D20070C39A /* UIKit.framework in Frameworks */,
				6003F5B1195388D20070C39A /* Foundation.framework in Frameworks */,
				A05CED57C37E9A24F6BD078C /* Pods_SPUIKitCategory_Tests.framework in Frameworks */,
			);
			runOnlyForDeploymentPostprocessing = 0;
		};
/* End PBXFrameworksBuildPhase section */

/* Begin PBXGroup section */
		6003F581195388D10070C39A = {
			isa = PBXGroup;
			children = (
				60FF7A9C1954A5C5007DD14C /* Podspec Metadata */,
				6003F593195388D20070C39A /* Example for SPUIKitCategory */,
				6003F5B5195388D20070C39A /* Tests */,
				6003F58C195388D20070C39A /* Frameworks */,
				6003F58B195388D20070C39A /* Products */,
				66ECAEAC33C7363465772334 /* Pods */,
			);
			sourceTree = "<group>";
		};
		6003F58B195388D20070C39A /* Products */ = {
			isa = PBXGroup;
			children = (
				6003F58A195388D20070C39A /* SPUIKitCategory_Example.app */,
				6003F5AE195388D20070C39A /* SPUIKitCategory_Tests.xctest */,
			);
			name = Products;
			sourceTree = "<group>";
		};
		6003F58C195388D20070C39A /* Frameworks */ = {
			isa = PBXGroup;
			children = (
				6003F58D195388D20070C39A /* Foundation.framework */,
				6003F58F195388D20070C39A /* CoreGraphics.framework */,
				6003F591195388D20070C39A /* UIKit.framework */,
				6003F5AF195388D20070C39A /* XCTest.framework */,
				01E9E43AE8F9DD8A2942437D /* Pods_SPUIKitCategory_Example.framework */,
				520B72E91122E9FFAEBFFE2F /* Pods_SPUIKitCategory_Tests.framework */,
			);
			name = Frameworks;
			sourceTree = "<group>";
		};
		6003F593195388D20070C39A /* Example for SPUIKitCategory */ = {
			isa = PBXGroup;
			children = (
				75CD42B52418CB38007EBFB7 /* SPUIKitCategory */,
				6003F59C195388D20070C39A /* SPAppDelegate.h */,
				6003F59D195388D20070C39A /* SPAppDelegate.m */,
				873B8AEA1B1F5CCA007FD442 /* Main.storyboard */,
				6003F5A5195388D20070C39A /* SPViewController.h */,
				75A6AB5C244FE363006AEAE6 /* ViewController.xib */,
				75A6AB5D244FE363006AEAE6 /* ViewController.h */,
				75A6AB5E244FE363006AEAE6 /* ViewController.m */,
				75A6AB61244FE46D006AEAE6 /* SPView.h */,
				75A6AB62244FE46D006AEAE6 /* SPView.m */,
				75A6AB64244FE479006AEAE6 /* SPView.xib */,
				6003F5A6195388D20070C39A /* SPViewController.m */,
				71719F9D1E33DC2100824A3D /* LaunchScreen.storyboard */,
				6003F5A8195388D20070C39A /* Images.xcassets */,
				6003F594195388D20070C39A /* Supporting Files */,
			);
			name = "Example for SPUIKitCategory";
			path = SPUIKitCategory;
			sourceTree = "<group>";
		};
		6003F594195388D20070C39A /* Supporting Files */ = {
			isa = PBXGroup;
			children = (
				6003F595195388D20070C39A /* SPUIKitCategory-Info.plist */,
				6003F596195388D20070C39A /* InfoPlist.strings */,
				6003F599195388D20070C39A /* main.m */,
				6003F59B195388D20070C39A /* SPUIKitCategory-Prefix.pch */,
			);
			name = "Supporting Files";
			sourceTree = "<group>";
		};
		6003F5B5195388D20070C39A /* Tests */ = {
			isa = PBXGroup;
			children = (
				6003F5BB195388D20070C39A /* Tests.m */,
				6003F5B6195388D20070C39A /* Supporting Files */,
			);
			path = Tests;
			sourceTree = "<group>";
		};
		6003F5B6195388D20070C39A /* Supporting Files */ = {
			isa = PBXGroup;
			children = (
				6003F5B7195388D20070C39A /* Tests-Info.plist */,
				6003F5B8195388D20070C39A /* InfoPlist.strings */,
				606FC2411953D9B200FFA9A0 /* Tests-Prefix.pch */,
			);
			name = "Supporting Files";
			sourceTree = "<group>";
		};
		60FF7A9C1954A5C5007DD14C /* Podspec Metadata */ = {
			isa = PBXGroup;
			children = (
				188AE2B0A3FC024BD67E6F8D /* SPUIKitCategory.podspec */,
				5A35827E6D8AF7293F07A4BF /* README.md */,
				DBD471F26507424F057F52A1 /* LICENSE */,
			);
			name = "Podspec Metadata";
			sourceTree = "<group>";
		};
		66ECAEAC33C7363465772334 /* Pods */ = {
			isa = PBXGroup;
			children = (
				EE1129E94982209A6C6E399F /* Pods-SPUIKitCategory_Example.debug.xcconfig */,
				AE071218141C0DE0271F8B36 /* Pods-SPUIKitCategory_Example.release.xcconfig */,
				73DE69C730854814C6929D2F /* Pods-SPUIKitCategory_Tests.debug.xcconfig */,
				B4B592644AB93103691D0B8D /* Pods-SPUIKitCategory_Tests.release.xcconfig */,
			);
			path = Pods;
			sourceTree = "<group>";
		};
		75CD42B52418CB38007EBFB7 /* SPUIKitCategory */ = {
			isa = PBXGroup;
			children = (
				75CD430E2418CB38007EBFB7 /* SPUIKitCategory.h */,
				75CD42E42418CB38007EBFB7 /* UIButton */,
				75CD42CB2418CB38007EBFB7 /* UIColor */,
				75CD42B92418CB38007EBFB7 /* UIControl */,
				75CD43122418CB38007EBFB7 /* UIFont */,
				75CD42D32418CB38007EBFB7 /* UIImage */,
				75CD42EF2418CB38007EBFB7 /* UILabel */,
				75CD42C22418CB38007EBFB7 /* UINib */,
				75CD42D02418CB38007EBFB7 /* UITextView */,
				75CD42F92418CB38007EBFB7 /* UIView */,
				75CD430F2418CB38007EBFB7 /* UIViewController */,
				75CD434D24193A44007EBFB7 /* UIWindow */,
			);
			name = SPUIKitCategory;
			path = ../../SPUIKitCategory;
			sourceTree = "<group>";
		};
		75CD42B92418CB38007EBFB7 /* UIControl */ = {
			isa = PBXGroup;
			children = (
				75CD42BB2418CB38007EBFB7 /* UIControl+TouchHighlightEffect.h */,
				75CD42BA2418CB38007EBFB7 /* UIControl+TouchHighlightEffect.m */,
			);
			path = UIControl;
			sourceTree = "<group>";
		};
		75CD42C22418CB38007EBFB7 /* UINib */ = {
			isa = PBXGroup;
			children = (
				75CD42C32418CB38007EBFB7 /* UINib+FastCreate.h */,
				75CD42C42418CB38007EBFB7 /* UINib+FastCreate.m */,
			);
			path = UINib;
			sourceTree = "<group>";
		};
		75CD42CB2418CB38007EBFB7 /* UIColor */ = {
			isa = PBXGroup;
			children = (
				75CD434124190D4B007EBFB7 /* UIColor+SPCreate.h */,
				75CD434224190D4C007EBFB7 /* UIColor+SPCreate.m */,
			);
			path = UIColor;
			sourceTree = "<group>";
		};
		75CD42D02418CB38007EBFB7 /* UITextView */ = {
			isa = PBXGroup;
			children = (
				75CD42D12418CB38007EBFB7 /* UITextView+AutoLayoutFitSize.h */,
				75CD42D22418CB38007EBFB7 /* UITextView+AutoLayoutFitSize.m */,
			);
			path = UITextView;
			sourceTree = "<group>";
		};
		75CD42D32418CB38007EBFB7 /* UIImage */ = {
			isa = PBXGroup;
			children = (
				75CD434524191398007EBFB7 /* UIImage+ValidSize.h */,
				75CD434424191398007EBFB7 /* UIImage+ValidSize.m */,
			);
			path = UIImage;
			sourceTree = "<group>";
		};
		75CD42E42418CB38007EBFB7 /* UIButton */ = {
			isa = PBXGroup;
			children = (
				75CD4347241916CF007EBFB7 /* UIButton+Loading.h */,
				75CD4348241916CF007EBFB7 /* UIButton+Loading.m */,
				75CD42ED2418CB38007EBFB7 /* UIButton+AutoScale.h */,
				75CD42E82418CB38007EBFB7 /* UIButton+AutoScale.m */,
				75CD42EE2418CB38007EBFB7 /* UIButton+AutoLayoutFitSize.h */,
				75CD42E92418CB38007EBFB7 /* UIButton+AutoLayoutFitSize.m */,
			);
			path = UIButton;
			sourceTree = "<group>";
		};
		75CD42EF2418CB38007EBFB7 /* UILabel */ = {
			isa = PBXGroup;
			children = (
				75CD42F72418CB38007EBFB7 /* UILabel+AutoScale.h */,
				75CD42F22418CB38007EBFB7 /* UILabel+AutoScale.m */,
				75CD42F12418CB38007EBFB7 /* UILabel+AutoLayoutFitSize.h */,
				75CD42F52418CB38007EBFB7 /* UILabel+AutoLayoutFitSize.m */,
			);
			path = UILabel;
			sourceTree = "<group>";
		};
		75CD42F92418CB38007EBFB7 /* UIView */ = {
			isa = PBXGroup;
			children = (
				75CD42FA2418CB38007EBFB7 /* UIView+Nib.h */,
				75CD43072418CB38007EBFB7 /* UIView+Nib.m */,
				75CD430D2418CB38007EBFB7 /* UIView+XIBCreation.h */,
				75CD43022418CB38007EBFB7 /* UIView+XIBCreation.m */,
				75CD430C2418CB38007EBFB7 /* UIView+LayoutConstraints.h */,
				75CD43032418CB38007EBFB7 /* UIView+LayoutConstraints.m */,
			);
			path = UIView;
			sourceTree = "<group>";
		};
		75CD430F2418CB38007EBFB7 /* UIViewController */ = {
			isa = PBXGroup;
			children = (
				75CD43112418CB38007EBFB7 /* UIViewController+XIBCreation.h */,
				75CD43102418CB38007EBFB7 /* UIViewController+XIBCreation.m */,
			);
			path = UIViewController;
			sourceTree = "<group>";
		};
		75CD43122418CB38007EBFB7 /* UIFont */ = {
			isa = PBXGroup;
			children = (
				75CD434A241917FF007EBFB7 /* UIFont+FastCreate.h */,
				75CD434B241917FF007EBFB7 /* UIFont+FastCreate.m */,
			);
			path = UIFont;
			sourceTree = "<group>";
		};
		75CD434D24193A44007EBFB7 /* UIWindow */ = {
			isa = PBXGroup;
			children = (
				75CD434E24193A45007EBFB7 /* UIWindow+KeyWindow.h */,
				75CD434F24193A45007EBFB7 /* UIWindow+KeyWindow.m */,
			);
			path = UIWindow;
			sourceTree = "<group>";
		};
/* End PBXGroup section */

/* Begin PBXNativeTarget section */
		6003F589195388D20070C39A /* SPUIKitCategory_Example */ = {
			isa = PBXNativeTarget;
			buildConfigurationList = 6003F5BF195388D20070C39A /* Build configuration list for PBXNativeTarget "SPUIKitCategory_Example" */;
			buildPhases = (
				5AD6AF0C16B4DF1A8A83FEDD /* [CP] Check Pods Manifest.lock */,
				6003F586195388D20070C39A /* Sources */,
				6003F587195388D20070C39A /* Frameworks */,
				6003F588195388D20070C39A /* Resources */,
				60A320A75C659B1E14CA25FE /* [CP] Embed Pods Frameworks */,
			);
			buildRules = (
			);
			dependencies = (
			);
			name = SPUIKitCategory_Example;
			productName = SPUIKitCategory;
			productReference = 6003F58A195388D20070C39A /* SPUIKitCategory_Example.app */;
			productType = "com.apple.product-type.application";
		};
		6003F5AD195388D20070C39A /* SPUIKitCategory_Tests */ = {
			isa = PBXNativeTarget;
			buildConfigurationList = 6003F5C2195388D20070C39A /* Build configuration list for PBXNativeTarget "SPUIKitCategory_Tests" */;
			buildPhases = (
				5B90DDA2B04EE1D75A6B9F20 /* [CP] Check Pods Manifest.lock */,
				6003F5AA195388D20070C39A /* Sources */,
				6003F5AB195388D20070C39A /* Frameworks */,
				6003F5AC195388D20070C39A /* Resources */,
			);
			buildRules = (
			);
			dependencies = (
				6003F5B4195388D20070C39A /* PBXTargetDependency */,
			);
			name = SPUIKitCategory_Tests;
			productName = SPUIKitCategoryTests;
			productReference = 6003F5AE195388D20070C39A /* SPUIKitCategory_Tests.xctest */;
			productType = "com.apple.product-type.bundle.unit-test";
		};
/* End PBXNativeTarget section */

/* Begin PBXProject section */
		6003F582195388D10070C39A /* Project object */ = {
			isa = PBXProject;
			attributes = {
				CLASSPREFIX = SP;
				LastUpgradeCheck = 0720;
				ORGANIZATIONNAME = 1210233;
				TargetAttributes = {
					6003F5AD195388D20070C39A = {
						TestTargetID = 6003F589195388D20070C39A;
					};
				};
			};
			buildConfigurationList = 6003F585195388D10070C39A /* Build configuration list for PBXProject "SPUIKitCategory" */;
			compatibilityVersion = "Xcode 3.2";
			developmentRegion = English;
			hasScannedForEncodings = 0;
			knownRegions = (
				English,
				en,
				Base,
			);
			mainGroup = 6003F581195388D10070C39A;
			productRefGroup = 6003F58B195388D20070C39A /* Products */;
			projectDirPath = "";
			projectRoot = "";
			targets = (
				6003F589195388D20070C39A /* SPUIKitCategory_Example */,
				6003F5AD195388D20070C39A /* SPUIKitCategory_Tests */,
			);
		};
/* End PBXProject section */

/* Begin PBXResourcesBuildPhase section */
		6003F588195388D20070C39A /* Resources */ = {
			isa = PBXResourcesBuildPhase;
			buildActionMask = 2147483647;
			files = (
				75A6AB5F244FE363006AEAE6 /* ViewController.xib in Resources */,
				873B8AEB1B1F5CCA007FD442 /* Main.storyboard in Resources */,
				71719F9F1E33DC2100824A3D /* LaunchScreen.storyboard in Resources */,
				75A6AB65244FE479006AEAE6 /* SPView.xib in Resources */,
				6003F5A9195388D20070C39A /* Images.xcassets in Resources */,
				6003F598195388D20070C39A /* InfoPlist.strings in Resources */,
			);
			runOnlyForDeploymentPostprocessing = 0;
		};
		6003F5AC195388D20070C39A /* Resources */ = {
			isa = PBXResourcesBuildPhase;
			buildActionMask = 2147483647;
			files = (
				6003F5BA195388D20070C39A /* InfoPlist.strings in Resources */,
			);
			runOnlyForDeploymentPostprocessing = 0;
		};
/* End PBXResourcesBuildPhase section */

/* Begin PBXShellScriptBuildPhase section */
		5AD6AF0C16B4DF1A8A83FEDD /* [CP] Check Pods Manifest.lock */ = {
			isa = PBXShellScriptBuildPhase;
			buildActionMask = 2147483647;
			files = (
			);
			inputFileListPaths = (
			);
			inputPaths = (
				"${PODS_PODFILE_DIR_PATH}/Podfile.lock",
				"${PODS_ROOT}/Manifest.lock",
			);
			name = "[CP] Check Pods Manifest.lock";
			outputFileListPaths = (
			);
			outputPaths = (
				"$(DERIVED_FILE_DIR)/Pods-SPUIKitCategory_Example-checkManifestLockResult.txt",
			);
			runOnlyForDeploymentPostprocessing = 0;
			shellPath = /bin/sh;
			shellScript = "diff \"${PODS_PODFILE_DIR_PATH}/Podfile.lock\" \"${PODS_ROOT}/Manifest.lock\" > /dev/null\nif [ $? != 0 ] ; then\n    # print error to STDERR\n    echo \"error: The sandbox is not in sync with the Podfile.lock. Run 'pod install' or update your CocoaPods installation.\" >&2\n    exit 1\nfi\n# This output is used by Xcode 'outputs' to avoid re-running this script phase.\necho \"SUCCESS\" > \"${SCRIPT_OUTPUT_FILE_0}\"\n";
			showEnvVarsInLog = 0;
		};
		5B90DDA2B04EE1D75A6B9F20 /* [CP] Check Pods Manifest.lock */ = {
			isa = PBXShellScriptBuildPhase;
			buildActionMask = 2147483647;
			files = (
			);
			inputFileListPaths = (
			);
			inputPaths = (
				"${PODS_PODFILE_DIR_PATH}/Podfile.lock",
				"${PODS_ROOT}/Manifest.lock",
			);
			name = "[CP] Check Pods Manifest.lock";
			outputFileListPaths = (
			);
			outputPaths = (
				"$(DERIVED_FILE_DIR)/Pods-SPUIKitCategory_Tests-checkManifestLockResult.txt",
			);
			runOnlyForDeploymentPostprocessing = 0;
			shellPath = /bin/sh;
			shellScript = "diff \"${PODS_PODFILE_DIR_PATH}/Podfile.lock\" \"${PODS_ROOT}/Manifest.lock\" > /dev/null\nif [ $? != 0 ] ; then\n    # print error to STDERR\n    echo \"error: The sandbox is not in sync with the Podfile.lock. Run 'pod install' or update your CocoaPods installation.\" >&2\n    exit 1\nfi\n# This output is used by Xcode 'outputs' to avoid re-running this script phase.\necho \"SUCCESS\" > \"${SCRIPT_OUTPUT_FILE_0}\"\n";
			showEnvVarsInLog = 0;
		};
		60A320A75C659B1E14CA25FE /* [CP] Embed Pods Frameworks */ = {
			isa = PBXShellScriptBuildPhase;
			buildActionMask = 2147483647;
			files = (
			);
			inputPaths = (
				"${PODS_ROOT}/Target Support Files/Pods-SPUIKitCategory_Example/Pods-SPUIKitCategory_Example-frameworks.sh",
				"${BUILT_PRODUCTS_DIR}/AFNetworking/AFNetworking.framework",
				"${BUILT_PRODUCTS_DIR}/FMDB/FMDB.framework",
			);
			name = "[CP] Embed Pods Frameworks";
			outputPaths = (
				"${TARGET_BUILD_DIR}/${FRAMEWORKS_FOLDER_PATH}/AFNetworking.framework",
				"${TARGET_BUILD_DIR}/${FRAMEWORKS_FOLDER_PATH}/FMDB.framework",
			);
			runOnlyForDeploymentPostprocessing = 0;
			shellPath = /bin/sh;
			shellScript = "\"${PODS_ROOT}/Target Support Files/Pods-SPUIKitCategory_Example/Pods-SPUIKitCategory_Example-frameworks.sh\"\n";
			showEnvVarsInLog = 0;
		};
/* End PBXShellScriptBuildPhase section */

/* Begin PBXSourcesBuildPhase section */
		6003F586195388D20070C39A /* Sources */ = {
			isa = PBXSourcesBuildPhase;
			buildActionMask = 2147483647;
			files = (
				6003F59E195388D20070C39A /* SPAppDelegate.m in Sources */,
				75CD434C241917FF007EBFB7 /* UIFont+FastCreate.m in Sources */,
				75CD431C2418CB38007EBFB7 /* UINib+FastCreate.m in Sources */,
				75CD433B2418CB39007EBFB7 /* UIView+LayoutConstraints.m in Sources */,
				75CD432C2418CB39007EBFB7 /* UIButton+AutoScale.m in Sources */,
				75A6AB63244FE46D006AEAE6 /* SPView.m in Sources */,
				75CD432D2418CB39007EBFB7 /* UIButton+AutoLayoutFitSize.m in Sources */,
				75CD433E2418CB39007EBFB7 /* UIViewController+XIBCreation.m in Sources */,
				75CD433C2418CB39007EBFB7 /* UIView+Nib.m in Sources */,
				75CD434324190D4C007EBFB7 /* UIColor+SPCreate.m in Sources */,
				75CD43192418CB38007EBFB7 /* UIControl+TouchHighlightEffect.m in Sources */,
				75CD4349241916D0007EBFB7 /* UIButton+Loading.m in Sources */,
				75CD434624191399007EBFB7 /* UIImage+ValidSize.m in Sources */,
				75CD43312418CB39007EBFB7 /* UILabel+AutoLayoutFitSize.m in Sources */,
				75CD43212418CB38007EBFB7 /* UITextView+AutoLayoutFitSize.m in Sources */,
				75A6AB60244FE363006AEAE6 /* ViewController.m in Sources */,
				75CD433A2418CB39007EBFB7 /* UIView+XIBCreation.m in Sources */,
				6003F5A7195388D20070C39A /* SPViewController.m in Sources */,
				75CD435024193A45007EBFB7 /* UIWindow+KeyWindow.m in Sources */,
				6003F59A195388D20070C39A /* main.m in Sources */,
				75CD432F2418CB39007EBFB7 /* UILabel+AutoScale.m in Sources */,
			);
			runOnlyForDeploymentPostprocessing = 0;
		};
		6003F5AA195388D20070C39A /* Sources */ = {
			isa = PBXSourcesBuildPhase;
			buildActionMask = 2147483647;
			files = (
				6003F5BC195388D20070C39A /* Tests.m in Sources */,
			);
			runOnlyForDeploymentPostprocessing = 0;
		};
/* End PBXSourcesBuildPhase section */

/* Begin PBXTargetDependency section */
		6003F5B4195388D20070C39A /* PBXTargetDependency */ = {
			isa = PBXTargetDependency;
			target = 6003F589195388D20070C39A /* SPUIKitCategory_Example */;
			targetProxy = 6003F5B3195388D20070C39A /* PBXContainerItemProxy */;
		};
/* End PBXTargetDependency section */

/* Begin PBXVariantGroup section */
		6003F596195388D20070C39A /* InfoPlist.strings */ = {
			isa = PBXVariantGroup;
			children = (
				6003F597195388D20070C39A /* en */,
			);
			name = InfoPlist.strings;
			sourceTree = "<group>";
		};
		6003F5B8195388D20070C39A /* InfoPlist.strings */ = {
			isa = PBXVariantGroup;
			children = (
				6003F5B9195388D20070C39A /* en */,
			);
			name = InfoPlist.strings;
			sourceTree = "<group>";
		};
		71719F9D1E33DC2100824A3D /* LaunchScreen.storyboard */ = {
			isa = PBXVariantGroup;
			children = (
				71719F9E1E33DC2100824A3D /* Base */,
			);
			name = LaunchScreen.storyboard;
			sourceTree = "<group>";
		};
/* End PBXVariantGroup section */

/* Begin XCBuildConfiguration section */
		6003F5BD195388D20070C39A /* Debug */ = {
			isa = XCBuildConfiguration;
			buildSettings = {
				ALWAYS_SEARCH_USER_PATHS = NO;
				CLANG_CXX_LANGUAGE_STANDARD = "gnu++0x";
				CLANG_CXX_LIBRARY = "libc++";
				CLANG_ENABLE_MODULES = YES;
				CLANG_ENABLE_OBJC_ARC = YES;
				CLANG_WARN_BOOL_CONVERSION = YES;
				CLANG_WARN_CONSTANT_CONVERSION = YES;
				CLANG_WARN_DIRECT_OBJC_ISA_USAGE = YES_ERROR;
				CLANG_WARN_EMPTY_BODY = YES;
				CLANG_WARN_ENUM_CONVERSION = YES;
				CLANG_WARN_INT_CONVERSION = YES;
				CLANG_WARN_OBJC_ROOT_CLASS = YES_ERROR;
				CLANG_WARN__DUPLICATE_METHOD_MATCH = YES;
				"CODE_SIGN_IDENTITY[sdk=iphoneos*]" = "iPhone Developer";
				COPY_PHASE_STRIP = NO;
				ENABLE_TESTABILITY = YES;
				GCC_C_LANGUAGE_STANDARD = gnu99;
				GCC_DYNAMIC_NO_PIC = NO;
				GCC_OPTIMIZATION_LEVEL = 0;
				GCC_PREPROCESSOR_DEFINITIONS = (
					"DEBUG=1",
					"$(inherited)",
				);
				GCC_SYMBOLS_PRIVATE_EXTERN = NO;
				GCC_WARN_64_TO_32_BIT_CONVERSION = YES;
				GCC_WARN_ABOUT_RETURN_TYPE = YES_ERROR;
				GCC_WARN_UNDECLARED_SELECTOR = YES;
				GCC_WARN_UNINITIALIZED_AUTOS = YES_AGGRESSIVE;
				GCC_WARN_UNUSED_FUNCTION = YES;
				GCC_WARN_UNUSED_VARIABLE = YES;
				IPHONEOS_DEPLOYMENT_TARGET = 9.3;
				ONLY_ACTIVE_ARCH = YES;
				SDKROOT = iphoneos;
				TARGETED_DEVICE_FAMILY = "1,2";
			};
			name = Debug;
		};
		6003F5BE195388D20070C39A /* Release */ = {
			isa = XCBuildConfiguration;
			buildSettings = {
				ALWAYS_SEARCH_USER_PATHS = NO;
				CLANG_CXX_LANGUAGE_STANDARD = "gnu++0x";
				CLANG_CXX_LIBRARY = "libc++";
				CLANG_ENABLE_MODULES = YES;
				CLANG_ENABLE_OBJC_ARC = YES;
				CLANG_WARN_BOOL_CONVERSION = YES;
				CLANG_WARN_CONSTANT_CONVERSION = YES;
				CLANG_WARN_DIRECT_OBJC_ISA_USAGE = YES_ERROR;
				CLANG_WARN_EMPTY_BODY = YES;
				CLANG_WARN_ENUM_CONVERSION = YES;
				CLANG_WARN_INT_CONVERSION = YES;
				CLANG_WARN_OBJC_ROOT_CLASS = YES_ERROR;
				CLANG_WARN__DUPLICATE_METHOD_MATCH = YES;
				"CODE_SIGN_IDENTITY[sdk=iphoneos*]" = "iPhone Developer";
				COPY_PHASE_STRIP = YES;
				ENABLE_NS_ASSERTIONS = NO;
				GCC_C_LANGUAGE_STANDARD = gnu99;
				GCC_WARN_64_TO_32_BIT_CONVERSION = YES;
				GCC_WARN_ABOUT_RETURN_TYPE = YES_ERROR;
				GCC_WARN_UNDECLARED_SELECTOR = YES;
				GCC_WARN_UNINITIALIZED_AUTOS = YES_AGGRESSIVE;
				GCC_WARN_UNUSED_FUNCTION = YES;
				GCC_WARN_UNUSED_VARIABLE = YES;
				IPHONEOS_DEPLOYMENT_TARGET = 9.3;
				SDKROOT = iphoneos;
				TARGETED_DEVICE_FAMILY = "1,2";
				VALIDATE_PRODUCT = YES;
			};
			name = Release;
		};
		6003F5C0195388D20070C39A /* Debug */ = {
			isa = XCBuildConfiguration;
			baseConfigurationReference = EE1129E94982209A6C6E399F /* Pods-SPUIKitCategory_Example.debug.xcconfig */;
			buildSettings = {
				ASSETCATALOG_COMPILER_APPICON_NAME = AppIcon;
				GCC_PRECOMPILE_PREFIX_HEADER = YES;
				GCC_PREFIX_HEADER = "SPUIKitCategory/SPUIKitCategory-Prefix.pch";
				INFOPLIST_FILE = "SPUIKitCategory/SPUIKitCategory-Info.plist";
				MODULE_NAME = ExampleApp;
				PRODUCT_BUNDLE_IDENTIFIER = "org.cocoapods.demo.${PRODUCT_NAME:rfc1034identifier}";
				PRODUCT_NAME = "$(TARGET_NAME)";
				SWIFT_VERSION = 4.0;
				WRAPPER_EXTENSION = app;
			};
			name = Debug;
		};
		6003F5C1195388D20070C39A /* Release */ = {
			isa = XCBuildConfiguration;
			baseConfigurationReference = AE071218141C0DE0271F8B36 /* Pods-SPUIKitCategory_Example.release.xcconfig */;
			buildSettings = {
				ASSETCATALOG_COMPILER_APPICON_NAME = AppIcon;
				GCC_PRECOMPILE_PREFIX_HEADER = YES;
				GCC_PREFIX_HEADER = "SPUIKitCategory/SPUIKitCategory-Prefix.pch";
				INFOPLIST_FILE = "SPUIKitCategory/SPUIKitCategory-Info.plist";
				MODULE_NAME = ExampleApp;
				PRODUCT_BUNDLE_IDENTIFIER = "org.cocoapods.demo.${PRODUCT_NAME:rfc1034identifier}";
				PRODUCT_NAME = "$(TARGET_NAME)";
				SWIFT_VERSION = 4.0;
				WRAPPER_EXTENSION = app;
			};
			name = Release;
		};
		6003F5C3195388D20070C39A /* Debug */ = {
			isa = XCBuildConfiguration;
			baseConfigurationReference = 73DE69C730854814C6929D2F /* Pods-SPUIKitCategory_Tests.debug.xcconfig */;
			buildSettings = {
				BUNDLE_LOADER = "$(TEST_HOST)";
				FRAMEWORK_SEARCH_PATHS = (
					"$(PLATFORM_DIR)/Developer/Library/Frameworks",
					"$(inherited)",
					"$(DEVELOPER_FRAMEWORKS_DIR)",
				);
				GCC_PRECOMPILE_PREFIX_HEADER = YES;
				GCC_PREFIX_HEADER = "Tests/Tests-Prefix.pch";
				GCC_PREPROCESSOR_DEFINITIONS = (
					"DEBUG=1",
					"$(inherited)",
				);
				INFOPLIST_FILE = "Tests/Tests-Info.plist";
				PRODUCT_BUNDLE_IDENTIFIER = "org.cocoapods.demo.${PRODUCT_NAME:rfc1034identifier}";
				PRODUCT_NAME = "$(TARGET_NAME)";
				SWIFT_VERSION = 4.0;
				TEST_HOST = "$(BUILT_PRODUCTS_DIR)/SPUIKitCategory_Example.app/SPUIKitCategory_Example";
				WRAPPER_EXTENSION = xctest;
			};
			name = Debug;
		};
		6003F5C4195388D20070C39A /* Release */ = {
			isa = XCBuildConfiguration;
			baseConfigurationReference = B4B592644AB93103691D0B8D /* Pods-SPUIKitCategory_Tests.release.xcconfig */;
			buildSettings = {
				BUNDLE_LOADER = "$(TEST_HOST)";
				FRAMEWORK_SEARCH_PATHS = (
					"$(PLATFORM_DIR)/Developer/Library/Frameworks",
					"$(inherited)",
					"$(DEVELOPER_FRAMEWORKS_DIR)",
				);
				GCC_PRECOMPILE_PREFIX_HEADER = YES;
				GCC_PREFIX_HEADER = "Tests/Tests-Prefix.pch";
				INFOPLIST_FILE = "Tests/Tests-Info.plist";
				PRODUCT_BUNDLE_IDENTIFIER = "org.cocoapods.demo.${PRODUCT_NAME:rfc1034identifier}";
				PRODUCT_NAME = "$(TARGET_NAME)";
				SWIFT_VERSION = 4.0;
				TEST_HOST = "$(BUILT_PRODUCTS_DIR)/SPUIKitCategory_Example.app/SPUIKitCategory_Example";
				WRAPPER_EXTENSION = xctest;
			};
			name = Release;
		};
/* End XCBuildConfiguration section */

/* Begin XCConfigurationList section */
		6003F585195388D10070C39A /* Build configuration list for PBXProject "SPUIKitCategory" */ = {
			isa = XCConfigurationList;
			buildConfigurations = (
				6003F5BD195388D20070C39A /* Debug */,
				6003F5BE195388D20070C39A /* Release */,
			);
			defaultConfigurationIsVisible = 0;
			defaultConfigurationName = Release;
		};
		6003F5BF195388D20070C39A /* Build configuration list for PBXNativeTarget "SPUIKitCategory_Example" */ = {
			isa = XCConfigurationList;
			buildConfigurations = (
				6003F5C0195388D20070C39A /* Debug */,
				6003F5C1195388D20070C39A /* Release */,
			);
			defaultConfigurationIsVisible = 0;
			defaultConfigurationName = Release;
		};
		6003F5C2195388D20070C39A /* Build configuration list for PBXNativeTarget "SPUIKitCategory_Tests" */ = {
			isa = XCConfigurationList;
			buildConfigurations = (
				6003F5C3195388D20070C39A /* Debug */,
				6003F5C4195388D20070C39A /* Release */,
			);
			defaultConfigurationIsVisible = 0;
			defaultConfigurationName = Release;
		};
/* End XCConfigurationList section */
	};
	rootObject = 6003F582195388D10070C39A /* Project object */;
}
